
Microsoft Visual Studio Solution File, Format Version 12.00
# Visual Studio Version 16
VisualStudioVersion = 16.0.32602.291
MinimumVisualStudioVersion = 10.0.40219.1
Project("{FAE04EC0-301F-11D3-BF4B-00C04F79EFBC}") = "Projforgit", "Projforgit.csproj", "{5C2D765B-20AD-4AD6-BE67-FA4D5C24E3D0}"
EndProject
Global
	GlobalSection(SolutionConfigurationPlatforms) = preSolution
		Debug|Any CPU = Debug|Any CPU
		Release|Any CPU = Release|Any CPU
	EndGlobalSection
	GlobalSection(ProjectConfigurationPlatforms) = postSolution
		{5C2D765B-20AD-4AD6-BE67-FA4D5C24E3D0}.Debug|Any CPU.ActiveCfg = Debug|Any CPU
		{5C2D765B-20AD-4AD6-BE67-FA4D5C24E3D0}.Debug|Any CPU.Build.0 = Debug|Any CPU
		{5C2D765B-20AD-4AD6-BE67-FA4D5C24E3D0}.Release|Any CPU.ActiveCfg = Release|Any CPU
		{5C2D765B-20AD-4AD6-BE67-FA4D5C24E3D0}.Release|Any CPU.Build.0 = Release|Any CPU
	EndGlobalSection
	GlobalSection(SolutionProperties) = preSolution
		HideSolutionNode = FALSE
	EndGlobalSection
	GlobalSection(ExtensibilityGlobals) = postSolution
		SolutionGuid = {DFC08DE3-1144-423B-99BA-9FCAF2139178}
	EndGlobalSection
EndGlobal
